// !$*UTF8*$!
{
	archiveVersion = 1;
	classes = {
	};
	objectVersion = 46;
	objects = {

/* Begin PBXBuildFile section */
		59B570E01F07ED09007446B3 /* AppDelegate.swift in Sources */ = {isa = PBXBuildFile; fileRef = 59B570DF1F07ED09007446B3 /* AppDelegate.swift */; };
		59B570E21F07ED09007446B3 /* ViewController.swift in Sources */ = {isa = PBXBuildFile; fileRef = 59B570E11F07ED09007446B3 /* ViewController.swift */; };
		59B570E51F07ED09007446B3 /* Main.storyboard in Resources */ = {isa = PBXBuildFile; fileRef = 59B570E31F07ED09007446B3 /* Main.storyboard */; };
		59B570E71F07ED09007446B3 /* Assets.xcassets in Resources */ = {isa = PBXBuildFile; fileRef = 59B570E61F07ED09007446B3 /* Assets.xcassets */; };
		59B570EA1F07ED09007446B3 /* LaunchScreen.storyboard in Resources */ = {isa = PBXBuildFile; fileRef = 59B570E81F07ED09007446B3 /* LaunchScreen.storyboard */; };
		59B570F51F07ED09007446B3 /* HelloWorldAppTests.swift in Sources */ = {isa = PBXBuildFile; fileRef = 59B570F41F07ED09007446B3 /* HelloWorldAppTests.swift */; };
		59B571001F07ED09007446B3 /* HelloWorldAppUITests.swift in Sources */ = {isa = PBXBuildFile; fileRef = 59B570FF1F07ED09007446B3 /* HelloWorldAppUITests.swift */; };
/* End PBXBuildFile section */

/* Begin PBXContainerItemProxy section */
		59B570F11F07ED09007446B3 /* PBXContainerItemProxy */ = {
			isa = PBXContainerItemProxy;
			containerPortal = 59B570D41F07ED08007446B3 /* Project object */;
			proxyType = 1;
			remoteGlobalIDString = 59B570DB1F07ED08007446B3;
			remoteInfo = HelloWorldApp;
		};
		59B570FC1F07ED09007446B3 /* PBXContainerItemProxy */ = {
			isa = PBXContainerItemProxy;
			containerPortal = 59B570D41F07ED08007446B3 /* Project object */;
			proxyType = 1;
			remoteGlobalIDString = 59B570DB1F07ED08007446B3;
			remoteInfo = HelloWorldApp;
		};
/* End PBXContainerItemProxy section */

/* Begin PBXFileReference section */
		59B570DC1F07ED09007446B3 /* HelloWorldApp.app */ = {isa = PBXFileReference; explicitFileType = wrapper.application; includeInIndex = 0; path = HelloWorldApp.app; sourceTree = BUILT_PRODUCTS_DIR; };
		59B570DF1F07ED09007446B3 /* AppDelegate.swift */ = {isa = PBXFileReference; lastKnownFileType = sourcecode.swift; path = AppDelegate.swift; sourceTree = "<group>"; };
		59B570E11F07ED09007446B3 /* ViewController.swift */ = {isa = PBXFileReference; lastKnownFileType = sourcecode.swift; path = ViewController.swift; sourceTree = "<group>"; };
		59B570E41F07ED09007446B3 /* Base */ = {isa = PBXFileReference; lastKnownFileType = file.storyboard; name = Base; path = Base.lproj/Main.storyboard; sourceTree = "<group>"; };
		59B570E61F07ED09007446B3 /* Assets.xcassets */ = {isa = PBXFileReference; lastKnownFileType = folder.assetcatalog; path = Assets.xcassets; sourceTree = "<group>"; };
		59B570E91F07ED09007446B3 /* Base */ = {isa = PBXFileReference; lastKnownFileType = file.storyboard; name = Base; path = Base.lproj/LaunchScreen.storyboard; sourceTree = "<group>"; };
		59B570EB1F07ED09007446B3 /* Info.plist */ = {isa = PBXFileReference; lastKnownFileType = text.plist.xml; path = Info.plist; sourceTree = "<group>"; };
		59B570F01F07ED09007446B3 /* HelloWorldAppTests.xctest */ = {isa = PBXFileReference; explicitFileType = wrapper.cfbundle; includeInIndex = 0; path = HelloWorldAppTests.xctest; sourceTree = BUILT_PRODUCTS_DIR; };
		59B570F41F07ED09007446B3 /* HelloWorldAppTests.swift */ = {isa = PBXFileReference; lastKnownFileType = sourcecode.swift; path = HelloWorldAppTests.swift; sourceTree = "<group>"; };
		59B570F61F07ED09007446B3 /* Info.plist */ = {isa = PBXFileReference; lastKnownFileType = text.plist.xml; path = Info.plist; sourceTree = "<group>"; };
		59B570FB1F07ED09007446B3 /* HelloWorldAppUITests.xctest */ = {isa = PBXFileReference; explicitFileType = wrapper.cfbundle; includeInIndex = 0; path = HelloWorldAppUITests.xctest; sourceTree = BUILT_PRODUCTS_DIR; };
		59B570FF1F07ED09007446B3 /* HelloWorldAppUITests.swift */ = {isa = PBXFileReference; lastKnownFileType = sourcecode.swift; path = HelloWorldAppUITests.swift; sourceTree = "<group>"; };
		59B571011F07ED09007446B3 /* Info.plist */ = {isa = PBXFileReference; lastKnownFileType = text.plist.xml; path = Info.plist; sourceTree = "<group>"; };
/* End PBXFileReference section */

/* Begin PBXFrameworksBuildPhase section */
		59B570D91F07ED08007446B3 /* Frameworks */ = {
			isa = PBXFrameworksBuildPhase;
			buildActionMask = 2147483647;
			files = (
			);
			runOnlyForDeploymentPostprocessing = 0;
		};
		59B570ED1F07ED09007446B3 /* Frameworks */ = {
			isa = PBXFrameworksBuildPhase;
			buildActionMask = 2147483647;
			files = (
			);
			runOnlyForDeploymentPostprocessing = 0;
		};
		59B570F81F07ED09007446B3 /* Frameworks */ = {
			isa = PBXFrameworksBuildPhase;
			buildActionMask = 2147483647;
			files = (
			);
			runOnlyForDeploymentPostprocessing = 0;
		};
/* End PBXFrameworksBuildPhase section */

/* Begin PBXGroup section */
		59B570D31F07ED08007446B3 = {
			isa = PBXGroup;
			children = (
				59B570DE1F07ED09007446B3 /* HelloWorldApp */,
				59B570F31F07ED09007446B3 /* HelloWorldAppTests */,
				59B570FE1F07ED09007446B3 /* HelloWorldAppUITests */,
				59B570DD1F07ED09007446B3 /* Products */,
			);
			sourceTree = "<group>";
		};
		59B570DD1F07ED09007446B3 /* Products */ = {
			isa = PBXGroup;
			children = (
				59B570DC1F07ED09007446B3 /* HelloWorldApp.app */,
				59B570F01F07ED09007446B3 /* HelloWorldAppTests.xctest */,
				59B570FB1F07ED09007446B3 /* HelloWorldAppUITests.xctest */,
			);
			name = Products;
			sourceTree = "<group>";
		};
		59B570DE1F07ED09007446B3 /* HelloWorldApp */ = {
			isa = PBXGroup;
			children = (
				59B570DF1F07ED09007446B3 /* AppDelegate.swift */,
				59B570E11F07ED09007446B3 /* ViewController.swift */,
				59B570E31F07ED09007446B3 /* Main.storyboard */,
				59B570E61F07ED09007446B3 /* Assets.xcassets */,
				59B570E81F07ED09007446B3 /* LaunchScreen.storyboard */,
				59B570EB1F07ED09007446B3 /* Info.plist */,
			);
			path = HelloWorldApp;
			sourceTree = "<group>";
		};
		59B570F31F07ED09007446B3 /* HelloWorldAppTests */ = {
			isa = PBXGroup;
			children = (
				59B570F41F07ED09007446B3 /* HelloWorldAppTests.swift */,
				59B570F61F07ED09007446B3 /* Info.plist */,
			);
			path = HelloWorldAppTests;
			sourceTree = "<group>";
		};
		59B570FE1F07ED09007446B3 /* HelloWorldAppUITests */ = {
			isa = PBXGroup;
			children = (
				59B570FF1F07ED09007446B3 /* HelloWorldAppUITests.swift */,
				59B571011F07ED09007446B3 /* Info.plist */,
			);
			path = HelloWorldAppUITests;
			sourceTree = "<group>";
		};
/* End PBXGroup section */

/* Begin PBXNativeTarget section */
		59B570DB1F07ED08007446B3 /* HelloWorldApp */ = {
			isa = PBXNativeTarget;
			buildConfigurationList = 59B571041F07ED09007446B3 /* Build configuration list for PBXNativeTarget "HelloWorldApp" */;
			buildPhases = (
				59B570D81F07ED08007446B3 /* Sources */,
				59B570D91F07ED08007446B3 /* Frameworks */,
				59B570DA1F07ED08007446B3 /* Resources */,
			);
			buildRules = (
			);
			dependencies = (
			);
			name = HelloWorldApp;
			productName = HelloWorldApp;
			productReference = 59B570DC1F07ED09007446B3 /* HelloWorldApp.app */;
			productType = "com.apple.product-type.application";
		};
		59B570EF1F07ED09007446B3 /* HelloWorldAppTests */ = {
			isa = PBXNativeTarget;
			buildConfigurationList = 59B571071F07ED09007446B3 /* Build configuration list for PBXNativeTarget "HelloWorldAppTests" */;
			buildPhases = (
				59B570EC1F07ED09007446B3 /* Sources */,
				59B570ED1F07ED09007446B3 /* Frameworks */,
				59B570EE1F07ED09007446B3 /* Resources */,
			);
			buildRules = (
			);
			dependencies = (
				59B570F21F07ED09007446B3 /* PBXTargetDependency */,
			);
			name = HelloWorldAppTests;
			productName = HelloWorldAppTests;
			productReference = 59B570F01F07ED09007446B3 /* HelloWorldAppTests.xctest */;
			productType = "com.apple.product-type.bundle.unit-test";
		};
		59B570FA1F07ED09007446B3 /* HelloWorldAppUITests */ = {
			isa = PBXNativeTarget;
			buildConfigurationList = 59B5710A1F07ED09007446B3 /* Build configuration list for PBXNativeTarget "HelloWorldAppUITests" */;
			buildPhases = (
				59B570F71F07ED09007446B3 /* Sources */,
				59B570F81F07ED09007446B3 /* Frameworks */,
				59B570F91F07ED09007446B3 /* Resources */,
			);
			buildRules = (
			);
			dependencies = (
				59B570FD1F07ED09007446B3 /* PBXTargetDependency */,
			);
			name = HelloWorldAppUITests;
			productName = HelloWorldAppUITests;
			productReference = 59B570FB1F07ED09007446B3 /* HelloWorldAppUITests.xctest */;
			productType = "com.apple.product-type.bundle.ui-testing";
		};
/* End PBXNativeTarget section */

/* Begin PBXProject section */
		59B570D41F07ED08007446B3 /* Project object */ = {
			isa = PBXProject;
			attributes = {
				LastSwiftUpdateCheck = 0820;
				LastUpgradeCheck = 0820;
				ORGANIZATIONNAME = "Dannel Alon";
				TargetAttributes = {
					59B570DB1F07ED08007446B3 = {
						CreatedOnToolsVersion = 8.2.1;
						ProvisioningStyle = Automatic;
					};
					59B570EF1F07ED09007446B3 = {
						CreatedOnToolsVersion = 8.2.1;
						ProvisioningStyle = Automatic;
						TestTargetID = 59B570DB1F07ED08007446B3;
					};
					59B570FA1F07ED09007446B3 = {
						CreatedOnToolsVersion = 8.2.1;
						ProvisioningStyle = Automatic;
						TestTargetID = 59B570DB1F07ED08007446B3;
					};
				};
			};
			buildConfigurationList = 59B570D71F07ED08007446B3 /* Build configuration list for PBXProject "HelloWorldApp" */;
			compatibilityVersion = "Xcode 3.2";
			developmentRegion = English;
			hasScannedForEncodings = 0;
			knownRegions = (
				en,
				Base,
			);
			mainGroup = 59B570D31F07ED08007446B3;
			productRefGroup = 59B570DD1F07ED09007446B3 /* Products */;
			projectDirPath = "";
			projectRoot = "";
			targets = (
				59B570DB1F07ED08007446B3 /* HelloWorldApp */,
				59B570EF1F07ED09007446B3 /* HelloWorldAppTests */,
				59B570FA1F07ED09007446B3 /* HelloWorldAppUITests */,
			);
		};
/* End PBXProject section */

/* Begin PBXResourcesBuildPhase section */
		59B570DA1F07ED08007446B3 /* Resources */ = {
			isa = PBXResourcesBuildPhase;
			buildActionMask = 2147483647;
			files = (
				59B570EA1F07ED09007446B3 /* LaunchScreen.storyboard in Resources */,
				59B570E71F07ED09007446B3 /* Assets.xcassets in Resources */,
				59B570E51F07ED09007446B3 /* Main.storyboard in Resources */,
			);
			runOnlyForDeploymentPostprocessing = 0;
		};
		59B570EE1F07ED09007446B3 /* Resources */ = {
			isa = PBXResourcesBuildPhase;
			buildActionMask = 2147483647;
			files = (
			);
			runOnlyForDeploymentPostprocessing = 0;
		};
		59B570F91F07ED09007446B3 /* Resources */ = {
			isa = PBXResourcesBuildPhase;
			buildActionMask = 2147483647;
			files = (
			);
			runOnlyForDeploymentPostprocessing = 0;
		};
/* End PBXResourcesBuildPhase section */

/* Begin PBXSourcesBuildPhase section */
		59B570D81F07ED08007446B3 /* Sources */ = {
			isa = PBXSourcesBuildPhase;
			buildActionMask = 2147483647;
			files = (
				59B570E21F07ED09007446B3 /* ViewController.swift in Sources */,
				59B570E01F07ED09007446B3 /* AppDelegate.swift in Sources */,
			);
			runOnlyForDeploymentPostprocessing = 0;
		};
		59B570EC1F07ED09007446B3 /* Sources */ = {
			isa = PBXSourcesBuildPhase;
			buildActionMask = 2147483647;
			files = (
				59B570F51F07ED09007446B3 /* HelloWorldAppTests.swift in Sources */,
			);
			runOnlyForDeploymentPostprocessing = 0;
		};
		59B570F71F07ED09007446B3 /* Sources */ = {
			isa = PBXSourcesBuildPhase;
			buildActionMask = 2147483647;
			files = (
				59B571001F07ED09007446B3 /* HelloWorldAppUITests.swift in Sources */,
			);
			runOnlyForDeploymentPostprocessing = 0;
		};
/* End PBXSourcesBuildPhase section */

/* Begin PBXTargetDependency section */
		59B570F21F07ED09007446B3 /* PBXTargetDependency */ = {
			isa = PBXTargetDependency;
			target = 59B570DB1F07ED08007446B3 /* HelloWorldApp */;
			targetProxy = 59B570F11F07ED09007446B3 /* PBXContainerItemProxy */;
		};
		59B570FD1F07ED09007446B3 /* PBXTargetDependency */ = {
			isa = PBXTargetDependency;
			target = 59B570DB1F07ED08007446B3 /* HelloWorldApp */;
			targetProxy = 59B570FC1F07ED09007446B3 /* PBXContainerItemProxy */;
		};
/* End PBXTargetDependency section */

/* Begin PBXVariantGroup section */
		59B570E31F07ED09007446B3 /* Main.storyboard */ = {
			isa = PBXVariantGroup;
			children = (
				59B570E41F07ED09007446B3 /* Base */,
			);
			name = Main.storyboard;
			sourceTree = "<group>";
		};
		59B570E81F07ED09007446B3 /* LaunchScreen.storyboard */ = {
			isa = PBXVariantGroup;
			children = (
				59B570E91F07ED09007446B3 /* Base */,
			);
			name = LaunchScreen.storyboard;
			sourceTree = "<group>";
		};
/* End PBXVariantGroup section */

/* Begin XCBuildConfiguration section */
		59B571021F07ED09007446B3 /* Debug */ = {
			isa = XCBuildConfiguration;
			buildSettings = {
				ALWAYS_SEARCH_USER_PATHS = NO;
				CLANG_ANALYZER_NONNULL = YES;
				CLANG_CXX_LANGUAGE_STANDARD = "gnu++0x";
				CLANG_CXX_LIBRARY = "libc++";
				CLANG_ENABLE_MODULES = YES;
				CLANG_ENABLE_OBJC_ARC = YES;
				CLANG_WARN_BOOL_CONVERSION = YES;
				CLANG_WARN_CONSTANT_CONVERSION = YES;
				CLANG_WARN_DIRECT_OBJC_ISA_USAGE = YES_ERROR;
				CLANG_WARN_DOCUMENTATION_COMMENTS = YES;
				CLANG_WARN_EMPTY_BODY = YES;
				CLANG_WARN_ENUM_CONVERSION = YES;
				CLANG_WARN_INFINITE_RECURSION = YES;
				CLANG_WARN_INT_CONVERSION = YES;
				CLANG_WARN_OBJC_ROOT_CLASS = YES_ERROR;
				CLANG_WARN_SUSPICIOUS_MOVE = YES;
				CLANG_WARN_UNREACHABLE_CODE = YES;
				CLANG_WARN__DUPLICATE_METHOD_MATCH = YES;
				"CODE_SIGN_IDENTITY[sdk=iphoneos*]" = "iPhone Developer";
				COPY_PHASE_STRIP = NO;
				DEBUG_INFORMATION_FORMAT = dwarf;
				ENABLE_STRICT_OBJC_MSGSEND = YES;
				ENABLE_TESTABILITY = YES;
				GCC_C_LANGUAGE_STANDARD = gnu99;
				GCC_DYNAMIC_NO_PIC = NO;
				GCC_NO_COMMON_BLOCKS = YES;
				GCC_OPTIMIZATION_LEVEL = 0;
				GCC_PREPROCESSOR_DEFINITIONS = (
					"DEBUG=1",
					"$(inherited)",
				);
				GCC_WARN_64_TO_32_BIT_CONVERSION = YES;
				GCC_WARN_ABOUT_RETURN_TYPE = YES_ERROR;
				GCC_WARN_UNDECLARED_SELECTOR = YES;
				GCC_WARN_UNINITIALIZED_AUTOS = YES_AGGRESSIVE;
				GCC_WARN_UNUSED_FUNCTION = YES;
				GCC_WARN_UNUSED_VARIABLE = YES;
				IPHONEOS_DEPLOYMENT_TARGET = 10.2;
				MTL_ENABLE_DEBUG_INFO = YES;
				ONLY_ACTIVE_ARCH = YES;
				SDKROOT = iphoneos;
				SWIFT_ACTIVE_COMPILATION_CONDITIONS = DEBUG;
				SWIFT_OPTIMIZATION_LEVEL = "-Onone";
			};
			name = Debug;
		};
		59B571031F07ED09007446B3 /* Release */ = {
			isa = XCBuildConfiguration;
			buildSettings = {
				ALWAYS_SEARCH_USER_PATHS = NO;
				CLANG_ANALYZER_NONNULL = YES;
				CLANG_CXX_LANGUAGE_STANDARD = "gnu++0x";
				CLANG_CXX_LIBRARY = "libc++";
				CLANG_ENABLE_MODULES = YES;
				CLANG_ENABLE_OBJC_ARC = YES;
				CLANG_WARN_BOOL_CONVERSION = YES;
				CLANG_WARN_CONSTANT_CONVERSION = YES;
				CLANG_WARN_DIRECT_OBJC_ISA_USAGE = YES_ERROR;
				CLANG_WARN_DOCUMENTATION_COMMENTS = YES;
				CLANG_WARN_EMPTY_BODY = YES;
				CLANG_WARN_ENUM_CONVERSION = YES;
				CLANG_WARN_INFINITE_RECURSION = YES;
				CLANG_WARN_INT_CONVERSION = YES;
				CLANG_WARN_OBJC_ROOT_CLASS = YES_ERROR;
				CLANG_WARN_SUSPICIOUS_MOVE = YES;
				CLANG_WARN_UNREACHABLE_CODE = YES;
				CLANG_WARN__DUPLICATE_METHOD_MATCH = YES;
				"CODE_SIGN_IDENTITY[sdk=iphoneos*]" = "iPhone Developer";
				COPY_PHASE_STRIP = NO;
				DEBUG_INFORMATION_FORMAT = "dwarf-with-dsym";
				ENABLE_NS_ASSERTIONS = NO;
				ENABLE_STRICT_OBJC_MSGSEND = YES;
				GCC_C_LANGUAGE_STANDARD = gnu99;
				GCC_NO_COMMON_BLOCKS = YES;
				GCC_WARN_64_TO_32_BIT_CONVERSION = YES;
				GCC_WARN_ABOUT_RETURN_TYPE = YES_ERROR;
				GCC_WARN_UNDECLARED_SELECTOR = YES;
				GCC_WARN_UNINITIALIZED_AUTOS = YES_AGGRESSIVE;
				GCC_WARN_UNUSED_FUNCTION = YES;
				GCC_WARN_UNUSED_VARIABLE = YES;
				IPHONEOS_DEPLOYMENT_TARGET = 10.2;
				MTL_ENABLE_DEBUG_INFO = NO;
				SDKROOT = iphoneos;
				SWIFT_OPTIMIZATION_LEVEL = "-Owholemodule";
				VALIDATE_PRODUCT = YES;
			};
			name = Release;
		};
		59B571051F07ED09007446B3 /* Debug */ = {
			isa = XCBuildConfiguration;
			buildSettings = {
				ASSETCATALOG_COMPILER_APPICON_NAME = AppIcon;
				INFOPLIST_FILE = HelloWorldApp/Info.plist;
				LD_RUNPATH_SEARCH_PATHS = "$(inherited) @executable_path/Frameworks";
				PRODUCT_BUNDLE_IDENTIFIER = com.dannelvision.HelloWorldApp;
				PRODUCT_NAME = "$(TARGET_NAME)";
				SWIFT_VERSION = 3.0;
			};
			name = Debug;
		};
		59B571061F07ED09007446B3 /* Release */ = {
			isa = XCBuildConfiguration;
			buildSettings = {
				ASSETCATALOG_COMPILER_APPICON_NAME = AppIcon;
				INFOPLIST_FILE = HelloWorldApp/Info.plist;
				LD_RUNPATH_SEARCH_PATHS = "$(inherited) @executable_path/Frameworks";
				PRODUCT_BUNDLE_IDENTIFIER = com.dannelvision.HelloWorldApp;
				PRODUCT_NAME = "$(TARGET_NAME)";
				SWIFT_VERSION = 3.0;
			};
			name = Release;
		};
		59B571081F07ED09007446B3 /* Debug */ = {
			isa = XCBuildConfiguration;
			buildSettings = {
				ALWAYS_EMBED_SWIFT_STANDARD_LIBRARIES = YES;
				BUNDLE_LOADER = "$(TEST_HOST)";
				INFOPLIST_FILE = HelloWorldAppTests/Info.plist;
				LD_RUNPATH_SEARCH_PATHS = "$(inherited) @executable_path/Frameworks @loader_path/Frameworks";
				PRODUCT_BUNDLE_IDENTIFIER = com.dannelvision.HelloWorldAppTests;
				PRODUCT_NAME = "$(TARGET_NAME)";
				SWIFT_VERSION = 3.0;
				TEST_HOST = "$(BUILT_PRODUCTS_DIR)/HelloWorldApp.app/HelloWorldApp";
			};
			name = Debug;
		};
		59B571091F07ED09007446B3 /* Release */ = {
			isa = XCBuildConfiguration;
			buildSettings = {
				ALWAYS_EMBED_SWIFT_STANDARD_LIBRARIES = YES;
				BUNDLE_LOADER = "$(TEST_HOST)";
				INFOPLIST_FILE = HelloWorldAppTests/Info.plist;
				LD_RUNPATH_SEARCH_PATHS = "$(inherited) @executable_path/Frameworks @loader_path/Frameworks";
				PRODUCT_BUNDLE_IDENTIFIER = com.dannelvision.HelloWorldAppTests;
				PRODUCT_NAME = "$(TARGET_NAME)";
				SWIFT_VERSION = 3.0;
				TEST_HOST = "$(BUILT_PRODUCTS_DIR)/HelloWorldApp.app/HelloWorldApp";
			};
			name = Release;
		};
		59B5710B1F07ED09007446B3 /* Debug */ = {
			isa = XCBuildConfiguration;
			buildSettings = {
				ALWAYS_EMBED_SWIFT_STANDARD_LIBRARIES = YES;
				INFOPLIST_FILE = HelloWorldAppUITests/Info.plist;
				LD_RUNPATH_SEARCH_PATHS = "$(inherited) @executable_path/Frameworks @loader_path/Frameworks";
				PRODUCT_BUNDLE_IDENTIFIER = com.dannelvision.HelloWorldAppUITests;
				PRODUCT_NAME = "$(TARGET_NAME)";
				SWIFT_VERSION = 3.0;
				TEST_TARGET_NAME = HelloWorldApp;
			};
			name = Debug;
		};
		59B5710C1F07ED09007446B3 /* Release */ = {
			isa = XCBuildConfiguration;
			buildSettings = {
				ALWAYS_EMBED_SWIFT_STANDARD_LIBRARIES = YES;
				INFOPLIST_FILE = HelloWorldAppUITests/Info.plist;
				LD_RUNPATH_SEARCH_PATHS = "$(inherited) @executable_path/Frameworks @loader_path/Frameworks";
				PRODUCT_BUNDLE_IDENTIFIER = com.dannelvision.HelloWorldAppUITests;
				PRODUCT_NAME = "$(TARGET_NAME)";
				SWIFT_VERSION = 3.0;
				TEST_TARGET_NAME = HelloWorldApp;
			};
			name = Release;
		};
/* End XCBuildConfiguration section */

/* Begin XCConfigurationList section */
		59B570D71F07ED08007446B3 /* Build configuration list for PBXProject "HelloWorldApp" */ = {
			isa = XCConfigurationList;
			buildConfigurations = (
				59B571021F07ED09007446B3 /* Debug */,
				59B571031F07ED09007446B3 /* Release */,
			);
			defaultConfigurationIsVisible = 0;
			defaultConfigurationName = Release;
		};
		59B571041F07ED09007446B3 /* Build configuration list for PBXNativeTarget "HelloWorldApp" */ = {
			isa = XCConfigurationList;
			buildConfigurations = (
				59B571051F07ED09007446B3 /* Debug */,
				59B571061F07ED09007446B3 /* Release */,
			);
			defaultConfigurationIsVisible = 0;
		};
		59B571071F07ED09007446B3 /* Build configuration list for PBXNativeTarget "HelloWorldAppTests" */ = {
			isa = XCConfigurationList;
			buildConfigurations = (
				59B571081F07ED09007446B3 /* Debug */,
				59B571091F07ED09007446B3 /* Release */,
			);
			defaultConfigurationIsVisible = 0;
		};
		59B5710A1F07ED09007446B3 /* Build configuration list for PBXNativeTarget "HelloWorldAppUITests" */ = {
			isa = XCConfigurationList;
			buildConfigurations = (
				59B5710B1F07ED09007446B3 /* Debug */,
				59B5710C1F07ED09007446B3 /* Release */,
			);
			defaultConfigurationIsVisible = 0;
		};
/* End XCConfigurationList section */
	};
	rootObject = 59B570D41F07ED08007446B3 /* Project object */;
}
